// !$*UTF8*$!
{
	archiveVersion = 1;
	classes = {
	};
	objectVersion = 46;
	objects = {

/* Begin PBXBuildFile section */
		500BC2151D92B2DC00A96B65 /* Podfile in Resources */ = {isa = PBXBuildFile; fileRef = 500BC2141D92B2DC00A96B65 /* Podfile */; };
		500F10B61DB50A5200864C9E /* run_quick start.jpg in Resources */ = {isa = PBXBuildFile; fileRef = 500F10B51DB50A5200864C9E /* run_quick start.jpg */; };
		500F10B81DB50C0800864C9E /* QuickStart.m in Sources */ = {isa = PBXBuildFile; fileRef = 500F10B71DB50C0800864C9E /* QuickStart.m */; };
		501A97EF1DAE56C6007979FD /* main.jpg in Resources */ = {isa = PBXBuildFile; fileRef = 501A97EE1DAE56C6007979FD /* main.jpg */; };
		501A97F71DAFBB59007979FD /* run_chat.jpg in Resources */ = {isa = PBXBuildFile; fileRef = 501A97F21DAFBB58007979FD /* run_chat.jpg */; };
		501A97F81DAFBB59007979FD /* run_competition.jpg in Resources */ = {isa = PBXBuildFile; fileRef = 501A97F31DAFBB58007979FD /* run_competition.jpg */; };
		501A97F91DAFBB59007979FD /* run_leader board.jpg in Resources */ = {isa = PBXBuildFile; fileRef = 501A97F41DAFBB59007979FD /* run_leader board.jpg */; };
		501A97FA1DAFBB59007979FD /* run_Party run.jpg in Resources */ = {isa = PBXBuildFile; fileRef = 501A97F51DAFBB59007979FD /* run_Party run.jpg */; };
		501A97FB1DAFBB59007979FD /* run_trail.jpg in Resources */ = {isa = PBXBuildFile; fileRef = 501A97F61DAFBB59007979FD /* run_trail.jpg */; };
		501A97FD1DB1100A007979FD /* run_comingsoon.jpg in Resources */ = {isa = PBXBuildFile; fileRef = 501A97FC1DB1100A007979FD /* run_comingsoon.jpg */; };
		506500CA1DC7624200AFFB34 /* main_unhidden.jpg in Resources */ = {isa = PBXBuildFile; fileRef = 506500C91DC7624200AFFB34 /* main_unhidden.jpg */; };
		506C44951D993D7600879F40 /* MainMenu.m in Sources */ = {isa = PBXBuildFile; fileRef = 506C44941D993D7600879F40 /* MainMenu.m */; };
		506C449C1D9950CE00879F40 /* Interface.storyboard in Resources */ = {isa = PBXBuildFile; fileRef = 506C449A1D9950CE00879F40 /* Interface.storyboard */; };
		506C449E1D9950CE00879F40 /* Assets.xcassets in Resources */ = {isa = PBXBuildFile; fileRef = 506C449D1D9950CE00879F40 /* Assets.xcassets */; };
		506C44A51D9950CE00879F40 /* WatchMeTestMap Extension.appex in Embed App Extensions */ = {isa = PBXBuildFile; fileRef = 506C44A41D9950CE00879F40 /* WatchMeTestMap Extension.appex */; settings = {ATTRIBUTES = (RemoveHeadersOnCopy, ); }; };
		506C44AB1D9950CE00879F40 /* InterfaceController.m in Sources */ = {isa = PBXBuildFile; fileRef = 506C44AA1D9950CE00879F40 /* InterfaceController.m */; };
		506C44AE1D9950CE00879F40 /* ExtensionDelegate.m in Sources */ = {isa = PBXBuildFile; fileRef = 506C44AD1D9950CE00879F40 /* ExtensionDelegate.m */; };
		506C44B01D9950CE00879F40 /* Assets.xcassets in Resources */ = {isa = PBXBuildFile; fileRef = 506C44AF1D9950CE00879F40 /* Assets.xcassets */; };
		506C44B41D9950CE00879F40 /* WatchMeTestMap.app in Embed Watch Content */ = {isa = PBXBuildFile; fileRef = 506C44981D9950CD00879F40 /* WatchMeTestMap.app */; };
		50868B711DA27D9800901142 /* LeaderBoard.m in Sources */ = {isa = PBXBuildFile; fileRef = 50868B701DA27D9800901142 /* LeaderBoard.m */; };
		5092AD941D92B0CE009E8E8E /* main.m in Sources */ = {isa = PBXBuildFile; fileRef = 5092AD931D92B0CE009E8E8E /* main.m */; };
		5092AD971D92B0CE009E8E8E /* AppDelegate.m in Sources */ = {isa = PBXBuildFile; fileRef = 5092AD961D92B0CE009E8E8E /* AppDelegate.m */; };
		5092AD9A1D92B0CE009E8E8E /* ViewController.m in Sources */ = {isa = PBXBuildFile; fileRef = 5092AD991D92B0CE009E8E8E /* ViewController.m */; };
		5092AD9D1D92B0CE009E8E8E /* Main.storyboard in Resources */ = {isa = PBXBuildFile; fileRef = 5092AD9B1D92B0CE009E8E8E /* Main.storyboard */; };
		5092AD9F1D92B0CE009E8E8E /* Assets.xcassets in Resources */ = {isa = PBXBuildFile; fileRef = 5092AD9E1D92B0CE009E8E8E /* Assets.xcassets */; };
		5092ADA21D92B0CE009E8E8E /* LaunchScreen.storyboard in Resources */ = {isa = PBXBuildFile; fileRef = 5092ADA01D92B0CE009E8E8E /* LaunchScreen.storyboard */; };
		5092ADAD1D92B0CE009E8E8E /* mapTest10Tests.m in Sources */ = {isa = PBXBuildFile; fileRef = 5092ADAC1D92B0CE009E8E8E /* mapTest10Tests.m */; };
		5092ADB81D92B0CE009E8E8E /* mapTest10UITests.m in Sources */ = {isa = PBXBuildFile; fileRef = 5092ADB71D92B0CE009E8E8E /* mapTest10UITests.m */; };
		509CF07F1DB29B58004B2ECF /* Chat.m in Sources */ = {isa = PBXBuildFile; fileRef = 509CF07E1DB29B58004B2ECF /* Chat.m */; };
		509CF0811DB29B6F004B2ECF /* Competition.m in Sources */ = {isa = PBXBuildFile; fileRef = 509CF0801DB29B6F004B2ECF /* Competition.m */; };
		509CF0831DB29BB9004B2ECF /* Party.m in Sources */ = {isa = PBXBuildFile; fileRef = 509CF0821DB29BB9004B2ECF /* Party.m */; };
		509CF0851DB29C0A004B2ECF /* TrailRun.m in Sources */ = {isa = PBXBuildFile; fileRef = 509CF0841DB29C0A004B2ECF /* TrailRun.m */; };
		509CF0871DB29E0B004B2ECF /* ComingSoon.m in Sources */ = {isa = PBXBuildFile; fileRef = 509CF0861DB29E0B004B2ECF /* ComingSoon.m */; };
		509CF0891DB2A26E004B2ECF /* CallPhp.h in Sources */ = {isa = PBXBuildFile; fileRef = 509CF0881DB2A26E004B2ECF /* CallPhp.h */; };
		509CF08B1DB2B0E0004B2ECF /* CallPhp.m in Sources */ = {isa = PBXBuildFile; fileRef = 509CF08A1DB2B0E0004B2ECF /* CallPhp.m */; };
		D213DD774696697B805D8E91 /* libPods-mapTest10.a in Frameworks */ = {isa = PBXBuildFile; fileRef = 9F1A5E43BB166CF1FFA3A2DF /* libPods-mapTest10.a */; };
/* End PBXBuildFile section */

/* Begin PBXContainerItemProxy section */
		506C44A61D9950CE00879F40 /* PBXContainerItemProxy */ = {
			isa = PBXContainerItemProxy;
			containerPortal = 5092AD871D92B0CE009E8E8E /* Project object */;
			proxyType = 1;
			remoteGlobalIDString = 506C44A31D9950CE00879F40;
			remoteInfo = "WatchMeTestMap Extension";
		};
		506C44B21D9950CE00879F40 /* PBXContainerItemProxy */ = {
			isa = PBXContainerItemProxy;
			containerPortal = 5092AD871D92B0CE009E8E8E /* Project object */;
			proxyType = 1;
			remoteGlobalIDString = 506C44971D9950CD00879F40;
			remoteInfo = WatchMeTestMap;
		};
		5092ADA91D92B0CE009E8E8E /* PBXContainerItemProxy */ = {
			isa = PBXContainerItemProxy;
			containerPortal = 5092AD871D92B0CE009E8E8E /* Project object */;
			proxyType = 1;
			remoteGlobalIDString = 5092AD8E1D92B0CE009E8E8E;
			remoteInfo = mapTest10;
		};
		5092ADB41D92B0CE009E8E8E /* PBXContainerItemProxy */ = {
			isa = PBXContainerItemProxy;
			containerPortal = 5092AD871D92B0CE009E8E8E /* Project object */;
			proxyType = 1;
			remoteGlobalIDString = 5092AD8E1D92B0CE009E8E8E;
			remoteInfo = mapTest10;
		};
/* End PBXContainerItemProxy section */

/* Begin PBXCopyFilesBuildPhase section */
		506C44B81D9950CE00879F40 /* Embed App Extensions */ = {
			isa = PBXCopyFilesBuildPhase;
			buildActionMask = 2147483647;
			dstPath = "";
			dstSubfolderSpec = 13;
			files = (
				506C44A51D9950CE00879F40 /* WatchMeTestMap Extension.appex in Embed App Extensions */,
			);
			name = "Embed App Extensions";
			runOnlyForDeploymentPostprocessing = 0;
		};
		506C44BC1D9950CE00879F40 /* Embed Watch Content */ = {
			isa = PBXCopyFilesBuildPhase;
			buildActionMask = 2147483647;
			dstPath = "$(CONTENTS_FOLDER_PATH)/Watch";
			dstSubfolderSpec = 16;
			files = (
				506C44B41D9950CE00879F40 /* WatchMeTestMap.app in Embed Watch Content */,
			);
			name = "Embed Watch Content";
			runOnlyForDeploymentPostprocessing = 0;
		};
/* End PBXCopyFilesBuildPhase section */

/* Begin PBXFileReference section */
		08C247C093BAB220C981A5CF /* Pods-mapTest10.release.xcconfig */ = {isa = PBXFileReference; includeInIndex = 1; lastKnownFileType = text.xcconfig; name = "Pods-mapTest10.release.xcconfig"; path = "mapTest10/Pods/Target Support Files/Pods-mapTest10/Pods-mapTest10.release.xcconfig"; sourceTree = "<group>"; };
		500BC2141D92B2DC00A96B65 /* Podfile */ = {isa = PBXFileReference; fileEncoding = 4; lastKnownFileType = text; path = Podfile; sourceTree = "<group>"; xcLanguageSpecificationIdentifier = xcode.lang.ruby; };
		500F10B51DB50A5200864C9E /* run_quick start.jpg */ = {isa = PBXFileReference; lastKnownFileType = image.jpeg; name = "run_quick start.jpg"; path = "Images/run_quick start.jpg"; sourceTree = "<group>"; };
		500F10B71DB50C0800864C9E /* QuickStart.m */ = {isa = PBXFileReference; fileEncoding = 4; lastKnownFileType = sourcecode.c.objc; path = QuickStart.m; sourceTree = "<group>"; };
		501A97EE1DAE56C6007979FD /* main.jpg */ = {isa = PBXFileReference; lastKnownFileType = image.jpeg; name = main.jpg; path = Images/main.jpg; sourceTree = "<group>"; };
		501A97F21DAFBB58007979FD /* run_chat.jpg */ = {isa = PBXFileReference; lastKnownFileType = image.jpeg; name = run_chat.jpg; path = Images/run_chat.jpg; sourceTree = "<group>"; };
		501A97F31DAFBB58007979FD /* run_competition.jpg */ = {isa = PBXFileReference; lastKnownFileType = image.jpeg; name = run_competition.jpg; path = Images/run_competition.jpg; sourceTree = "<group>"; };
		501A97F41DAFBB59007979FD /* run_leader board.jpg */ = {isa = PBXFileReference; lastKnownFileType = image.jpeg; name = "run_leader board.jpg"; path = "Images/run_leader board.jpg"; sourceTree = "<group>"; };
		501A97F51DAFBB59007979FD /* run_Party run.jpg */ = {isa = PBXFileReference; lastKnownFileType = image.jpeg; name = "run_Party run.jpg"; path = "Images/run_Party run.jpg"; sourceTree = "<group>"; };
		501A97F61DAFBB59007979FD /* run_trail.jpg */ = {isa = PBXFileReference; lastKnownFileType = image.jpeg; name = run_trail.jpg; path = Images/run_trail.jpg; sourceTree = "<group>"; };
		501A97FC1DB1100A007979FD /* run_comingsoon.jpg */ = {isa = PBXFileReference; lastKnownFileType = image.jpeg; name = run_comingsoon.jpg; path = Images/run_comingsoon.jpg; sourceTree = "<group>"; };
		506500C91DC7624200AFFB34 /* main_unhidden.jpg */ = {isa = PBXFileReference; lastKnownFileType = image.jpeg; name = main_unhidden.jpg; path = Images/main_unhidden.jpg; sourceTree = "<group>"; };
		506C44941D993D7600879F40 /* MainMenu.m */ = {isa = PBXFileReference; fileEncoding = 4; lastKnownFileType = sourcecode.c.objc; path = MainMenu.m; sourceTree = "<group>"; };
		506C44981D9950CD00879F40 /* WatchMeTestMap.app */ = {isa = PBXFileReference; explicitFileType = wrapper.application; includeInIndex = 0; path = WatchMeTestMap.app; sourceTree = BUILT_PRODUCTS_DIR; };
		506C449B1D9950CE00879F40 /* Base */ = {isa = PBXFileReference; lastKnownFileType = file.storyboard; name = Base; path = Base.lproj/Interface.storyboard; sourceTree = "<group>"; };
		506C449D1D9950CE00879F40 /* Assets.xcassets */ = {isa = PBXFileReference; lastKnownFileType = folder.assetcatalog; path = Assets.xcassets; sourceTree = "<group>"; };
		506C449F1D9950CE00879F40 /* Info.plist */ = {isa = PBXFileReference; lastKnownFileType = text.plist.xml; path = Info.plist; sourceTree = "<group>"; };
		506C44A41D9950CE00879F40 /* WatchMeTestMap Extension.appex */ = {isa = PBXFileReference; explicitFileType = "wrapper.app-extension"; includeInIndex = 0; path = "WatchMeTestMap Extension.appex"; sourceTree = BUILT_PRODUCTS_DIR; };
		506C44A91D9950CE00879F40 /* InterfaceController.h */ = {isa = PBXFileReference; lastKnownFileType = sourcecode.c.h; path = InterfaceController.h; sourceTree = "<group>"; };
		506C44AA1D9950CE00879F40 /* InterfaceController.m */ = {isa = PBXFileReference; lastKnownFileType = sourcecode.c.objc; path = InterfaceController.m; sourceTree = "<group>"; };
		506C44AC1D9950CE00879F40 /* ExtensionDelegate.h */ = {isa = PBXFileReference; lastKnownFileType = sourcecode.c.h; path = ExtensionDelegate.h; sourceTree = "<group>"; };
		506C44AD1D9950CE00879F40 /* ExtensionDelegate.m */ = {isa = PBXFileReference; lastKnownFileType = sourcecode.c.objc; path = ExtensionDelegate.m; sourceTree = "<group>"; };
		506C44AF1D9950CE00879F40 /* Assets.xcassets */ = {isa = PBXFileReference; lastKnownFileType = folder.assetcatalog; path = Assets.xcassets; sourceTree = "<group>"; };
		506C44B11D9950CE00879F40 /* Info.plist */ = {isa = PBXFileReference; lastKnownFileType = text.plist.xml; path = Info.plist; sourceTree = "<group>"; };
		507091D21DBA3DB4003F35D0 /* MainMenu.h */ = {isa = PBXFileReference; lastKnownFileType = sourcecode.c.h; path = MainMenu.h; sourceTree = "<group>"; };
		50868B701DA27D9800901142 /* LeaderBoard.m */ = {isa = PBXFileReference; fileEncoding = 4; lastKnownFileType = sourcecode.c.objc; path = LeaderBoard.m; sourceTree = "<group>"; };
		5092AD8F1D92B0CE009E8E8E /* mapTest10.app */ = {isa = PBXFileReference; explicitFileType = wrapper.application; includeInIndex = 0; path = mapTest10.app; sourceTree = BUILT_PRODUCTS_DIR; };
		5092AD931D92B0CE009E8E8E /* main.m */ = {isa = PBXFileReference; lastKnownFileType = sourcecode.c.objc; path = main.m; sourceTree = "<group>"; };
		5092AD951D92B0CE009E8E8E /* AppDelegate.h */ = {isa = PBXFileReference; lastKnownFileType = sourcecode.c.h; path = AppDelegate.h; sourceTree = "<group>"; };
		5092AD961D92B0CE009E8E8E /* AppDelegate.m */ = {isa = PBXFileReference; lastKnownFileType = sourcecode.c.objc; path = AppDelegate.m; sourceTree = "<group>"; };
		5092AD981D92B0CE009E8E8E /* ViewController.h */ = {isa = PBXFileReference; lastKnownFileType = sourcecode.c.h; path = ViewController.h; sourceTree = "<group>"; };
		5092AD991D92B0CE009E8E8E /* ViewController.m */ = {isa = PBXFileReference; lastKnownFileType = sourcecode.c.objc; path = ViewController.m; sourceTree = "<group>"; };
		5092AD9C1D92B0CE009E8E8E /* Base */ = {isa = PBXFileReference; lastKnownFileType = file.storyboard; name = Base; path = Base.lproj/Main.storyboard; sourceTree = "<group>"; };
		5092AD9E1D92B0CE009E8E8E /* Assets.xcassets */ = {isa = PBXFileReference; lastKnownFileType = folder.assetcatalog; path = Assets.xcassets; sourceTree = "<group>"; };
		5092ADA11D92B0CE009E8E8E /* Base */ = {isa = PBXFileReference; lastKnownFileType = file.storyboard; name = Base; path = Base.lproj/LaunchScreen.storyboard; sourceTree = "<group>"; };
		5092ADA31D92B0CE009E8E8E /* Info.plist */ = {isa = PBXFileReference; lastKnownFileType = text.plist.xml; path = Info.plist; sourceTree = "<group>"; };
		5092ADA81D92B0CE009E8E8E /* mapTest10Tests.xctest */ = {isa = PBXFileReference; explicitFileType = wrapper.cfbundle; includeInIndex = 0; path = mapTest10Tests.xctest; sourceTree = BUILT_PRODUCTS_DIR; };
		5092ADAC1D92B0CE009E8E8E /* mapTest10Tests.m */ = {isa = PBXFileReference; lastKnownFileType = sourcecode.c.objc; path = mapTest10Tests.m; sourceTree = "<group>"; };
		5092ADAE1D92B0CE009E8E8E /* Info.plist */ = {isa = PBXFileReference; lastKnownFileType = text.plist.xml; path = Info.plist; sourceTree = "<group>"; };
		5092ADB31D92B0CE009E8E8E /* mapTest10UITests.xctest */ = {isa = PBXFileReference; explicitFileType = wrapper.cfbundle; includeInIndex = 0; path = mapTest10UITests.xctest; sourceTree = BUILT_PRODUCTS_DIR; };
		5092ADB71D92B0CE009E8E8E /* mapTest10UITests.m */ = {isa = PBXFileReference; lastKnownFileType = sourcecode.c.objc; path = mapTest10UITests.m; sourceTree = "<group>"; };
		5092ADB91D92B0CE009E8E8E /* Info.plist */ = {isa = PBXFileReference; lastKnownFileType = text.plist.xml; path = Info.plist; sourceTree = "<group>"; };
		509CF07E1DB29B58004B2ECF /* Chat.m */ = {isa = PBXFileReference; fileEncoding = 4; lastKnownFileType = sourcecode.c.objc; path = Chat.m; sourceTree = "<group>"; };
		509CF0801DB29B6F004B2ECF /* Competition.m */ = {isa = PBXFileReference; fileEncoding = 4; lastKnownFileType = sourcecode.c.objc; path = Competition.m; sourceTree = "<group>"; };
		509CF0821DB29BB9004B2ECF /* Party.m */ = {isa = PBXFileReference; fileEncoding = 4; lastKnownFileType = sourcecode.c.objc; path = Party.m; sourceTree = "<group>"; };
		509CF0841DB29C0A004B2ECF /* TrailRun.m */ = {isa = PBXFileReference; fileEncoding = 4; lastKnownFileType = sourcecode.c.objc; path = TrailRun.m; sourceTree = "<group>"; };
		509CF0861DB29E0B004B2ECF /* ComingSoon.m */ = {isa = PBXFileReference; fileEncoding = 4; lastKnownFileType = sourcecode.c.objc; path = ComingSoon.m; sourceTree = "<group>"; };
		509CF0881DB2A26E004B2ECF /* CallPhp.h */ = {isa = PBXFileReference; fileEncoding = 4; lastKnownFileType = sourcecode.c.h; path = CallPhp.h; sourceTree = "<group>"; };
		509CF08A1DB2B0E0004B2ECF /* CallPhp.m */ = {isa = PBXFileReference; fileEncoding = 4; lastKnownFileType = sourcecode.c.objc; path = CallPhp.m; sourceTree = "<group>"; };
		9F1A5E43BB166CF1FFA3A2DF /* libPods-mapTest10.a */ = {isa = PBXFileReference; explicitFileType = archive.ar; includeInIndex = 0; path = "libPods-mapTest10.a"; sourceTree = BUILT_PRODUCTS_DIR; };
		D53D651BD3562165895BA805 /* Pods-mapTest10.debug.xcconfig */ = {isa = PBXFileReference; includeInIndex = 1; lastKnownFileType = text.xcconfig; name = "Pods-mapTest10.debug.xcconfig"; path = "mapTest10/Pods/Target Support Files/Pods-mapTest10/Pods-mapTest10.debug.xcconfig"; sourceTree = "<group>"; };
/* End PBXFileReference section */

/* Begin PBXFrameworksBuildPhase section */
		506C44A11D9950CE00879F40 /* Frameworks */ = {
			isa = PBXFrameworksBuildPhase;
			buildActionMask = 2147483647;
			files = (
			);
			runOnlyForDeploymentPostprocessing = 0;
		};
		5092AD8C1D92B0CE009E8E8E /* Frameworks */ = {
			isa = PBXFrameworksBuildPhase;
			buildActionMask = 2147483647;
			files = (
				D213DD774696697B805D8E91 /* libPods-mapTest10.a in Frameworks */,
			);
			runOnlyForDeploymentPostprocessing = 0;
		};
		5092ADA51D92B0CE009E8E8E /* Frameworks */ = {
			isa = PBXFrameworksBuildPhase;
			buildActionMask = 2147483647;
			files = (
			);
			runOnlyForDeploymentPostprocessing = 0;
		};
		5092ADB01D92B0CE009E8E8E /* Frameworks */ = {
			isa = PBXFrameworksBuildPhase;
			buildActionMask = 2147483647;
			files = (
			);
			runOnlyForDeploymentPostprocessing = 0;
		};
/* End PBXFrameworksBuildPhase section */

/* Begin PBXGroup section */
		501A97ED1DAE56A6007979FD /* Images */ = {
			isa = PBXGroup;
			children = (
				506500C91DC7624200AFFB34 /* main_unhidden.jpg */,
				500F10B51DB50A5200864C9E /* run_quick start.jpg */,
				501A97FC1DB1100A007979FD /* run_comingsoon.jpg */,
				501A97F21DAFBB58007979FD /* run_chat.jpg */,
				501A97F31DAFBB58007979FD /* run_competition.jpg */,
				501A97F41DAFBB59007979FD /* run_leader board.jpg */,
				501A97F51DAFBB59007979FD /* run_Party run.jpg */,
				501A97F61DAFBB59007979FD /* run_trail.jpg */,
				501A97EE1DAE56C6007979FD /* main.jpg */,
			);
			name = Images;
			sourceTree = "<group>";
		};
		506C44991D9950CD00879F40 /* WatchMeTestMap */ = {
			isa = PBXGroup;
			children = (
				506C449A1D9950CE00879F40 /* Interface.storyboard */,
				506C449D1D9950CE00879F40 /* Assets.xcassets */,
				506C449F1D9950CE00879F40 /* Info.plist */,
			);
			path = WatchMeTestMap;
			sourceTree = "<group>";
		};
		506C44A81D9950CE00879F40 /* WatchMeTestMap Extension */ = {
			isa = PBXGroup;
			children = (
				506C44A91D9950CE00879F40 /* InterfaceController.h */,
				506C44AA1D9950CE00879F40 /* InterfaceController.m */,
				506C44AC1D9950CE00879F40 /* ExtensionDelegate.h */,
				506C44AD1D9950CE00879F40 /* ExtensionDelegate.m */,
				506C44AF1D9950CE00879F40 /* Assets.xcassets */,
				506C44B11D9950CE00879F40 /* Info.plist */,
			);
			path = "WatchMeTestMap Extension";
			sourceTree = "<group>";
		};
		5092AD861D92B0CE009E8E8E = {
			isa = PBXGroup;
			children = (
				5092AD911D92B0CE009E8E8E /* mapTest10 */,
				5092ADAB1D92B0CE009E8E8E /* mapTest10Tests */,
				5092ADB61D92B0CE009E8E8E /* mapTest10UITests */,
				506C44991D9950CD00879F40 /* WatchMeTestMap */,
				506C44A81D9950CE00879F40 /* WatchMeTestMap Extension */,
				5092AD901D92B0CE009E8E8E /* Products */,
				F443B2A49C96031EF55CF634 /* Pods */,
				CFD70F60DF18153524FE73E5 /* Frameworks */,
			);
			sourceTree = "<group>";
		};
		5092AD901D92B0CE009E8E8E /* Products */ = {
			isa = PBXGroup;
			children = (
				5092AD8F1D92B0CE009E8E8E /* mapTest10.app */,
				5092ADA81D92B0CE009E8E8E /* mapTest10Tests.xctest */,
				5092ADB31D92B0CE009E8E8E /* mapTest10UITests.xctest */,
				506C44981D9950CD00879F40 /* WatchMeTestMap.app */,
				506C44A41D9950CE00879F40 /* WatchMeTestMap Extension.appex */,
			);
			name = Products;
			sourceTree = "<group>";
		};
		5092AD911D92B0CE009E8E8E /* mapTest10 */ = {
			isa = PBXGroup;
			children = (
				5092AD951D92B0CE009E8E8E /* AppDelegate.h */,
				5092AD961D92B0CE009E8E8E /* AppDelegate.m */,
				5092AD981D92B0CE009E8E8E /* ViewController.h */,
				5092AD991D92B0CE009E8E8E /* ViewController.m */,
				5092AD9B1D92B0CE009E8E8E /* Main.storyboard */,
				507091D21DBA3DB4003F35D0 /* MainMenu.h */,
				506C44941D993D7600879F40 /* MainMenu.m */,
				500F10B71DB50C0800864C9E /* QuickStart.m */,
				509CF0881DB2A26E004B2ECF /* CallPhp.h */,
				509CF08A1DB2B0E0004B2ECF /* CallPhp.m */,
				50868B701DA27D9800901142 /* LeaderBoard.m */,
				509CF07E1DB29B58004B2ECF /* Chat.m */,
				509CF0841DB29C0A004B2ECF /* TrailRun.m */,
				509CF0801DB29B6F004B2ECF /* Competition.m */,
				509CF0821DB29BB9004B2ECF /* Party.m */,
				509CF0861DB29E0B004B2ECF /* ComingSoon.m */,
				5092AD9E1D92B0CE009E8E8E /* Assets.xcassets */,
				5092ADA01D92B0CE009E8E8E /* LaunchScreen.storyboard */,
				5092ADA31D92B0CE009E8E8E /* Info.plist */,
				500BC2141D92B2DC00A96B65 /* Podfile */,
				501A97ED1DAE56A6007979FD /* Images */,
				5092AD921D92B0CE009E8E8E /* Supporting Files */,
			);
			path = mapTest10;
			sourceTree = "<group>";
		};
		5092AD921D92B0CE009E8E8E /* Supporting Files */ = {
			isa = PBXGroup;
			children = (
				5092AD931D92B0CE009E8E8E /* main.m */,
			);
			name = "Supporting Files";
			sourceTree = "<group>";
		};
		5092ADAB1D92B0CE009E8E8E /* mapTest10Tests */ = {
			isa = PBXGroup;
			children = (
				5092ADAC1D92B0CE009E8E8E /* mapTest10Tests.m */,
				5092ADAE1D92B0CE009E8E8E /* Info.plist */,
			);
			path = mapTest10Tests;
			sourceTree = "<group>";
		};
		5092ADB61D92B0CE009E8E8E /* mapTest10UITests */ = {
			isa = PBXGroup;
			children = (
				5092ADB71D92B0CE009E8E8E /* mapTest10UITests.m */,
				5092ADB91D92B0CE009E8E8E /* Info.plist */,
			);
			path = mapTest10UITests;
			sourceTree = "<group>";
		};
		CFD70F60DF18153524FE73E5 /* Frameworks */ = {
			isa = PBXGroup;
			children = (
				9F1A5E43BB166CF1FFA3A2DF /* libPods-mapTest10.a */,
			);
			name = Frameworks;
			sourceTree = "<group>";
		};
		F443B2A49C96031EF55CF634 /* Pods */ = {
			isa = PBXGroup;
			children = (
				D53D651BD3562165895BA805 /* Pods-mapTest10.debug.xcconfig */,
				08C247C093BAB220C981A5CF /* Pods-mapTest10.release.xcconfig */,
			);
			name = Pods;
			sourceTree = "<group>";
		};
/* End PBXGroup section */

/* Begin PBXNativeTarget section */
		506C44971D9950CD00879F40 /* WatchMeTestMap */ = {
			isa = PBXNativeTarget;
			buildConfigurationList = 506C44B91D9950CE00879F40 /* Build configuration list for PBXNativeTarget "WatchMeTestMap" */;
			buildPhases = (
				506C44961D9950CD00879F40 /* Resources */,
				506C44B81D9950CE00879F40 /* Embed App Extensions */,
			);
			buildRules = (
			);
			dependencies = (
				506C44A71D9950CE00879F40 /* PBXTargetDependency */,
			);
			name = WatchMeTestMap;
			productName = WatchMeTestMap;
			productReference = 506C44981D9950CD00879F40 /* WatchMeTestMap.app */;
			productType = "com.apple.product-type.application.watchapp2";
		};
		506C44A31D9950CE00879F40 /* WatchMeTestMap Extension */ = {
			isa = PBXNativeTarget;
			buildConfigurationList = 506C44B51D9950CE00879F40 /* Build configuration list for PBXNativeTarget "WatchMeTestMap Extension" */;
			buildPhases = (
				506C44A01D9950CE00879F40 /* Sources */,
				506C44A11D9950CE00879F40 /* Frameworks */,
				506C44A21D9950CE00879F40 /* Resources */,
			);
			buildRules = (
			);
			dependencies = (
			);
			name = "WatchMeTestMap Extension";
			productName = "WatchMeTestMap Extension";
			productReference = 506C44A41D9950CE00879F40 /* WatchMeTestMap Extension.appex */;
			productType = "com.apple.product-type.watchkit2-extension";
		};
		5092AD8E1D92B0CE009E8E8E /* mapTest10 */ = {
			isa = PBXNativeTarget;
			buildConfigurationList = 5092ADBC1D92B0CE009E8E8E /* Build configuration list for PBXNativeTarget "mapTest10" */;
			buildPhases = (
				F0C0661B1AE326394E44CB75 /* [CP] Check Pods Manifest.lock */,
				5092AD8B1D92B0CE009E8E8E /* Sources */,
				5092AD8C1D92B0CE009E8E8E /* Frameworks */,
				5092AD8D1D92B0CE009E8E8E /* Resources */,
				6601F3B73CABA065245497F0 /* [CP] Embed Pods Frameworks */,
				37C503D31BCF4AED1A24018F /* [CP] Copy Pods Resources */,
				506C44BC1D9950CE00879F40 /* Embed Watch Content */,
			);
			buildRules = (
			);
			dependencies = (
				506C44B31D9950CE00879F40 /* PBXTargetDependency */,
			);
			name = mapTest10;
			productName = mapTest10;
			productReference = 5092AD8F1D92B0CE009E8E8E /* mapTest10.app */;
			productType = "com.apple.product-type.application";
		};
		5092ADA71D92B0CE009E8E8E /* mapTest10Tests */ = {
			isa = PBXNativeTarget;
			buildConfigurationList = 5092ADBF1D92B0CE009E8E8E /* Build configuration list for PBXNativeTarget "mapTest10Tests" */;
			buildPhases = (
				5092ADA41D92B0CE009E8E8E /* Sources */,
				5092ADA51D92B0CE009E8E8E /* Frameworks */,
				5092ADA61D92B0CE009E8E8E /* Resources */,
			);
			buildRules = (
			);
			dependencies = (
				5092ADAA1D92B0CE009E8E8E /* PBXTargetDependency */,
			);
			name = mapTest10Tests;
			productName = mapTest10Tests;
			productReference = 5092ADA81D92B0CE009E8E8E /* mapTest10Tests.xctest */;
			productType = "com.apple.product-type.bundle.unit-test";
		};
		5092ADB21D92B0CE009E8E8E /* mapTest10UITests */ = {
			isa = PBXNativeTarget;
			buildConfigurationList = 5092ADC21D92B0CE009E8E8E /* Build configuration list for PBXNativeTarget "mapTest10UITests" */;
			buildPhases = (
				5092ADAF1D92B0CE009E8E8E /* Sources */,
				5092ADB01D92B0CE009E8E8E /* Frameworks */,
				5092ADB11D92B0CE009E8E8E /* Resources */,
			);
			buildRules = (
			);
			dependencies = (
				5092ADB51D92B0CE009E8E8E /* PBXTargetDependency */,
			);
			name = mapTest10UITests;
			productName = mapTest10UITests;
			productReference = 5092ADB31D92B0CE009E8E8E /* mapTest10UITests.xctest */;
			productType = "com.apple.product-type.bundle.ui-testing";
		};
/* End PBXNativeTarget section */

/* Begin PBXProject section */
		5092AD871D92B0CE009E8E8E /* Project object */ = {
			isa = PBXProject;
			attributes = {
				LastUpgradeCheck = 0800;
				ORGANIZATIONNAME = "Ber Jr";
				TargetAttributes = {
					506C44971D9950CD00879F40 = {
						CreatedOnToolsVersion = 8.0;
						DevelopmentTeam = TD673V7Y5F;
						ProvisioningStyle = Manual;
					};
					506C44A31D9950CE00879F40 = {
						CreatedOnToolsVersion = 8.0;
						DevelopmentTeam = TD673V7Y5F;
						ProvisioningStyle = Manual;
					};
					5092AD8E1D92B0CE009E8E8E = {
						CreatedOnToolsVersion = 8.0;
						DevelopmentTeam = TD673V7Y5F;
						ProvisioningStyle = Manual;
					};
					5092ADA71D92B0CE009E8E8E = {
						CreatedOnToolsVersion = 8.0;
						DevelopmentTeam = TD673V7Y5F;
						ProvisioningStyle = Automatic;
						TestTargetID = 5092AD8E1D92B0CE009E8E8E;
					};
					5092ADB21D92B0CE009E8E8E = {
						CreatedOnToolsVersion = 8.0;
						DevelopmentTeam = TD673V7Y5F;
						ProvisioningStyle = Automatic;
						TestTargetID = 5092AD8E1D92B0CE009E8E8E;
					};
				};
			};
			buildConfigurationList = 5092AD8A1D92B0CE009E8E8E /* Build configuration list for PBXProject "mapTest10" */;
			compatibilityVersion = "Xcode 3.2";
			developmentRegion = English;
			hasScannedForEncodings = 0;
			knownRegions = (
				en,
				Base,
			);
			mainGroup = 5092AD861D92B0CE009E8E8E;
			productRefGroup = 5092AD901D92B0CE009E8E8E /* Products */;
			projectDirPath = "";
			projectRoot = "";
			targets = (
				5092AD8E1D92B0CE009E8E8E /* mapTest10 */,
				5092ADA71D92B0CE009E8E8E /* mapTest10Tests */,
				5092ADB21D92B0CE009E8E8E /* mapTest10UITests */,
				506C44971D9950CD00879F40 /* WatchMeTestMap */,
				506C44A31D9950CE00879F40 /* WatchMeTestMap Extension */,
			);
		};
/* End PBXProject section */

/* Begin PBXResourcesBuildPhase section */
		506C44961D9950CD00879F40 /* Resources */ = {
			isa = PBXResourcesBuildPhase;
			buildActionMask = 2147483647;
			files = (
				506C449E1D9950CE00879F40 /* Assets.xcassets in Resources */,
				506C449C1D9950CE00879F40 /* Interface.storyboard in Resources */,
			);
			runOnlyForDeploymentPostprocessing = 0;
		};
		506C44A21D9950CE00879F40 /* Resources */ = {
			isa = PBXResourcesBuildPhase;
			buildActionMask = 2147483647;
			files = (
				506C44B01D9950CE00879F40 /* Assets.xcassets in Resources */,
			);
			runOnlyForDeploymentPostprocessing = 0;
		};
		5092AD8D1D92B0CE009E8E8E /* Resources */ = {
			isa = PBXResourcesBuildPhase;
			buildActionMask = 2147483647;
			files = (
				5092ADA21D92B0CE009E8E8E /* LaunchScreen.storyboard in Resources */,
				501A97EF1DAE56C6007979FD /* main.jpg in Resources */,
				501A97FA1DAFBB59007979FD /* run_Party run.jpg in Resources */,
				5092AD9F1D92B0CE009E8E8E /* Assets.xcassets in Resources */,
				501A97FD1DB1100A007979FD /* run_comingsoon.jpg in Resources */,
				500BC2151D92B2DC00A96B65 /* Podfile in Resources */,
				501A97F91DAFBB59007979FD /* run_leader board.jpg in Resources */,
				501A97FB1DAFBB59007979FD /* run_trail.jpg in Resources */,
				506500CA1DC7624200AFFB34 /* main_unhidden.jpg in Resources */,
				5092AD9D1D92B0CE009E8E8E /* Main.storyboard in Resources */,
				500F10B61DB50A5200864C9E /* run_quick start.jpg in Resources */,
				501A97F71DAFBB59007979FD /* run_chat.jpg in Resources */,
				501A97F81DAFBB59007979FD /* run_competition.jpg in Resources */,
			);
			runOnlyForDeploymentPostprocessing = 0;
		};
		5092ADA61D92B0CE009E8E8E /* Resources */ = {
			isa = PBXResourcesBuildPhase;
			buildActionMask = 2147483647;
			files = (
			);
			runOnlyForDeploymentPostprocessing = 0;
		};
		5092ADB11D92B0CE009E8E8E /* Resources */ = {
			isa = PBXResourcesBuildPhase;
			buildActionMask = 2147483647;
			files = (
			);
			runOnlyForDeploymentPostprocessing = 0;
		};
/* End PBXResourcesBuildPhase section */

/* Begin PBXShellScriptBuildPhase section */
		37C503D31BCF4AED1A24018F /* [CP] Copy Pods Resources */ = {
			isa = PBXShellScriptBuildPhase;
			buildActionMask = 2147483647;
			files = (
			);
			inputPaths = (
			);
			name = "[CP] Copy Pods Resources";
			outputPaths = (
			);
			runOnlyForDeploymentPostprocessing = 0;
			shellPath = /bin/sh;
			shellScript = "\"${SRCROOT}/mapTest10/Pods/Target Support Files/Pods-mapTest10/Pods-mapTest10-resources.sh\"\n";
			showEnvVarsInLog = 0;
		};
		6601F3B73CABA065245497F0 /* [CP] Embed Pods Frameworks */ = {
			isa = PBXShellScriptBuildPhase;
			buildActionMask = 2147483647;
			files = (
			);
			inputPaths = (
			);
			name = "[CP] Embed Pods Frameworks";
			outputPaths = (
			);
			runOnlyForDeploymentPostprocessing = 0;
			shellPath = /bin/sh;
			shellScript = "\"${SRCROOT}/mapTest10/Pods/Target Support Files/Pods-mapTest10/Pods-mapTest10-frameworks.sh\"\n";
			showEnvVarsInLog = 0;
		};
		F0C0661B1AE326394E44CB75 /* [CP] Check Pods Manifest.lock */ = {
			isa = PBXShellScriptBuildPhase;
			buildActionMask = 2147483647;
			files = (
			);
			inputPaths = (
			);
			name = "[CP] Check Pods Manifest.lock";
			outputPaths = (
			);
			runOnlyForDeploymentPostprocessing = 0;
			shellPath = /bin/sh;
			shellScript = "diff \"${PODS_ROOT}/../Podfile.lock\" \"${PODS_ROOT}/Manifest.lock\" > /dev/null\nif [[ $? != 0 ]] ; then\n    cat << EOM\nerror: The sandbox is not in sync with the Podfile.lock. Run 'pod install' or update your CocoaPods installation.\nEOM\n    exit 1\nfi\n";
			showEnvVarsInLog = 0;
		};
/* End PBXShellScriptBuildPhase section */

/* Begin PBXSourcesBuildPhase section */
		506C44A01D9950CE00879F40 /* Sources */ = {
			isa = PBXSourcesBuildPhase;
			buildActionMask = 2147483647;
			files = (
				506C44AE1D9950CE00879F40 /* ExtensionDelegate.m in Sources */,
				506C44AB1D9950CE00879F40 /* InterfaceController.m in Sources */,
			);
			runOnlyForDeploymentPostprocessing = 0;
		};
		5092AD8B1D92B0CE009E8E8E /* Sources */ = {
			isa = PBXSourcesBuildPhase;
			buildActionMask = 2147483647;
			files = (
				509CF0851DB29C0A004B2ECF /* TrailRun.m in Sources */,
				50868B711DA27D9800901142 /* LeaderBoard.m in Sources */,
				509CF07F1DB29B58004B2ECF /* Chat.m in Sources */,
				509CF0831DB29BB9004B2ECF /* Party.m in Sources */,
				5092AD9A1D92B0CE009E8E8E /* ViewController.m in Sources */,
				509CF0891DB2A26E004B2ECF /* CallPhp.h in Sources */,
				500F10B81DB50C0800864C9E /* QuickStart.m in Sources */,
				506C44951D993D7600879F40 /* MainMenu.m in Sources */,
				509CF0811DB29B6F004B2ECF /* Competition.m in Sources */,
				509CF08B1DB2B0E0004B2ECF /* CallPhp.m in Sources */,
				509CF0871DB29E0B004B2ECF /* ComingSoon.m in Sources */,
				5092AD971D92B0CE009E8E8E /* AppDelegate.m in Sources */,
				5092AD941D92B0CE009E8E8E /* main.m in Sources */,
			);
			runOnlyForDeploymentPostprocessing = 0;
		};
		5092ADA41D92B0CE009E8E8E /* Sources */ = {
			isa = PBXSourcesBuildPhase;
			buildActionMask = 2147483647;
			files = (
				5092ADAD1D92B0CE009E8E8E /* mapTest10Tests.m in Sources */,
			);
			runOnlyForDeploymentPostprocessing = 0;
		};
		5092ADAF1D92B0CE009E8E8E /* Sources */ = {
			isa = PBXSourcesBuildPhase;
			buildActionMask = 2147483647;
			files = (
				5092ADB81D92B0CE009E8E8E /* mapTest10UITests.m in Sources */,
			);
			runOnlyForDeploymentPostprocessing = 0;
		};
/* End PBXSourcesBuildPhase section */

/* Begin PBXTargetDependency section */
		506C44A71D9950CE00879F40 /* PBXTargetDependency */ = {
			isa = PBXTargetDependency;
			target = 506C44A31D9950CE00879F40 /* WatchMeTestMap Extension */;
			targetProxy = 506C44A61D9950CE00879F40 /* PBXContainerItemProxy */;
		};
		506C44B31D9950CE00879F40 /* PBXTargetDependency */ = {
			isa = PBXTargetDependency;
			target = 506C44971D9950CD00879F40 /* WatchMeTestMap */;
			targetProxy = 506C44B21D9950CE00879F40 /* PBXContainerItemProxy */;
		};
		5092ADAA1D92B0CE009E8E8E /* PBXTargetDependency */ = {
			isa = PBXTargetDependency;
			target = 5092AD8E1D92B0CE009E8E8E /* mapTest10 */;
			targetProxy = 5092ADA91D92B0CE009E8E8E /* PBXContainerItemProxy */;
		};
		5092ADB51D92B0CE009E8E8E /* PBXTargetDependency */ = {
			isa = PBXTargetDependency;
			target = 5092AD8E1D92B0CE009E8E8E /* mapTest10 */;
			targetProxy = 5092ADB41D92B0CE009E8E8E /* PBXContainerItemProxy */;
		};
/* End PBXTargetDependency section */

/* Begin PBXVariantGroup section */
		506C449A1D9950CE00879F40 /* Interface.storyboard */ = {
			isa = PBXVariantGroup;
			children = (
				506C449B1D9950CE00879F40 /* Base */,
			);
			name = Interface.storyboard;
			sourceTree = "<group>";
		};
		5092AD9B1D92B0CE009E8E8E /* Main.storyboard */ = {
			isa = PBXVariantGroup;
			children = (
				5092AD9C1D92B0CE009E8E8E /* Base */,
			);
			name = Main.storyboard;
			sourceTree = "<group>";
		};
		5092ADA01D92B0CE009E8E8E /* LaunchScreen.storyboard */ = {
			isa = PBXVariantGroup;
			children = (
				5092ADA11D92B0CE009E8E8E /* Base */,
			);
			name = LaunchScreen.storyboard;
			sourceTree = "<group>";
		};
/* End PBXVariantGroup section */

/* Begin XCBuildConfiguration section */
		506C44B61D9950CE00879F40 /* Debug */ = {
			isa = XCBuildConfiguration;
			buildSettings = {
				ASSETCATALOG_COMPILER_COMPLICATION_NAME = Complication;
				CODE_SIGN_IDENTITY = "iPhone Distribution";
				"CODE_SIGN_IDENTITY[sdk=watchos*]" = "iPhone Distribution";
				DEVELOPMENT_TEAM = TD673V7Y5F;
				INFOPLIST_FILE = "WatchMeTestMap Extension/Info.plist";
				LD_RUNPATH_SEARCH_PATHS = "$(inherited) @executable_path/Frameworks @executable_path/../../Frameworks";
				PRODUCT_BUNDLE_IDENTIFIER = com.mapTest10.watchkitapp.watchkitextension;
				PRODUCT_NAME = "${TARGET_NAME}";
				PROVISIONING_PROFILE = "48478250-4f38-4d6d-b40f-03cd44dfac31";
				PROVISIONING_PROFILE_SPECIFIER = "Workadda MVP Watch Kit Extension";
				SDKROOT = watchos;
				SKIP_INSTALL = YES;
				TARGETED_DEVICE_FAMILY = 4;
				WATCHOS_DEPLOYMENT_TARGET = 3.0;
			};
			name = Debug;
		};
		506C44B71D9950CE00879F40 /* Release */ = {
			isa = XCBuildConfiguration;
			buildSettings = {
				ASSETCATALOG_COMPILER_COMPLICATION_NAME = Complication;
				CODE_SIGN_IDENTITY = "iPhone Distribution";
				"CODE_SIGN_IDENTITY[sdk=iphoneos*]" = "iPhone Distribution";
				"CODE_SIGN_IDENTITY[sdk=watchos*]" = "iPhone Distribution";
				DEVELOPMENT_TEAM = TD673V7Y5F;
				INFOPLIST_FILE = "WatchMeTestMap Extension/Info.plist";
				LD_RUNPATH_SEARCH_PATHS = "$(inherited) @executable_path/Frameworks @executable_path/../../Frameworks";
				PRODUCT_BUNDLE_IDENTIFIER = com.mapTest10.watchkitapp.watchkitextension;
				PRODUCT_NAME = "${TARGET_NAME}";
				PROVISIONING_PROFILE = "48478250-4f38-4d6d-b40f-03cd44dfac31";
				PROVISIONING_PROFILE_SPECIFIER = "Workadda MVP Watch Kit Extension";
				SDKROOT = watchos;
				SKIP_INSTALL = YES;
				TARGETED_DEVICE_FAMILY = 4;
				WATCHOS_DEPLOYMENT_TARGET = 3.0;
			};
			name = Release;
		};
		506C44BA1D9950CE00879F40 /* Debug */ = {
			isa = XCBuildConfiguration;
			buildSettings = {
				ASSETCATALOG_COMPILER_APPICON_NAME = AppIcon;
				CODE_SIGN_IDENTITY = "iPhone Distribution";
				"CODE_SIGN_IDENTITY[sdk=iphoneos*]" = "iPhone Distribution";
				"CODE_SIGN_IDENTITY[sdk=watchos*]" = "iPhone Distribution";
				DEVELOPMENT_TEAM = TD673V7Y5F;
				IBSC_MODULE = WatchMeTestMap_Extension;
				INFOPLIST_FILE = WatchMeTestMap/Info.plist;
				PRODUCT_BUNDLE_IDENTIFIER = com.mapTest10.watchkitapp;
				PRODUCT_NAME = "$(TARGET_NAME)";
				PROVISIONING_PROFILE = "9db32ea5-58a8-409a-beb2-7ce4b4da6e1c";
				PROVISIONING_PROFILE_SPECIFIER = "Workadda MVP Watch Kit";
				SDKROOT = watchos;
				SKIP_INSTALL = YES;
				TARGETED_DEVICE_FAMILY = 4;
				WATCHOS_DEPLOYMENT_TARGET = 3.0;
			};
			name = Debug;
		};
		506C44BB1D9950CE00879F40 /* Release */ = {
			isa = XCBuildConfiguration;
			buildSettings = {
				ASSETCATALOG_COMPILER_APPICON_NAME = AppIcon;
				CODE_SIGN_IDENTITY = "iPhone Distribution";
				"CODE_SIGN_IDENTITY[sdk=watchos*]" = "iPhone Distribution";
				DEVELOPMENT_TEAM = TD673V7Y5F;
				IBSC_MODULE = WatchMeTestMap_Extension;
				INFOPLIST_FILE = WatchMeTestMap/Info.plist;
				PRODUCT_BUNDLE_IDENTIFIER = com.mapTest10.watchkitapp;
				PRODUCT_NAME = "$(TARGET_NAME)";
				PROVISIONING_PROFILE = "9db32ea5-58a8-409a-beb2-7ce4b4da6e1c";
				PROVISIONING_PROFILE_SPECIFIER = "Workadda MVP Watch Kit";
				SDKROOT = watchos;
				SKIP_INSTALL = YES;
				TARGETED_DEVICE_FAMILY = 4;
				WATCHOS_DEPLOYMENT_TARGET = 3.0;
			};
			name = Release;
		};
		5092ADBA1D92B0CE009E8E8E /* Debug */ = {
			isa = XCBuildConfiguration;
			buildSettings = {
				ALWAYS_SEARCH_USER_PATHS = NO;
				CLANG_ANALYZER_NONNULL = YES;
				CLANG_CXX_LANGUAGE_STANDARD = "gnu++0x";
				CLANG_CXX_LIBRARY = "libc++";
				CLANG_ENABLE_MODULES = YES;
				CLANG_ENABLE_OBJC_ARC = YES;
				CLANG_WARN_BOOL_CONVERSION = YES;
				CLANG_WARN_CONSTANT_CONVERSION = YES;
				CLANG_WARN_DIRECT_OBJC_ISA_USAGE = YES_ERROR;
				CLANG_WARN_DOCUMENTATION_COMMENTS = YES;
				CLANG_WARN_EMPTY_BODY = YES;
				CLANG_WARN_ENUM_CONVERSION = YES;
				CLANG_WARN_INFINITE_RECURSION = YES;
				CLANG_WARN_INT_CONVERSION = YES;
				CLANG_WARN_OBJC_ROOT_CLASS = YES_ERROR;
				CLANG_WARN_SUSPICIOUS_MOVES = YES;
				CLANG_WARN_UNREACHABLE_CODE = YES;
				CLANG_WARN__DUPLICATE_METHOD_MATCH = YES;
				CODE_SIGN_IDENTITY = "iPhone Distribution";
				"CODE_SIGN_IDENTITY[sdk=iphoneos*]" = "iPhone Developer";
				COPY_PHASE_STRIP = NO;
				DEBUG_INFORMATION_FORMAT = dwarf;
				ENABLE_STRICT_OBJC_MSGSEND = YES;
				ENABLE_TESTABILITY = YES;
				GCC_C_LANGUAGE_STANDARD = gnu99;
				GCC_DYNAMIC_NO_PIC = NO;
				GCC_NO_COMMON_BLOCKS = YES;
				GCC_OPTIMIZATION_LEVEL = 0;
				GCC_PREPROCESSOR_DEFINITIONS = (
					"DEBUG=1",
					"$(inherited)",
				);
				GCC_WARN_64_TO_32_BIT_CONVERSION = YES;
				GCC_WARN_ABOUT_RETURN_TYPE = YES_ERROR;
				GCC_WARN_UNDECLARED_SELECTOR = YES;
				GCC_WARN_UNINITIALIZED_AUTOS = YES_AGGRESSIVE;
				GCC_WARN_UNUSED_FUNCTION = YES;
				GCC_WARN_UNUSED_VARIABLE = YES;
				IPHONEOS_DEPLOYMENT_TARGET = 10.0;
				MTL_ENABLE_DEBUG_INFO = YES;
				ONLY_ACTIVE_ARCH = YES;
				SDKROOT = iphoneos;
				TARGETED_DEVICE_FAMILY = "1,2";
			};
			name = Debug;
		};
		5092ADBB1D92B0CE009E8E8E /* Release */ = {
			isa = XCBuildConfiguration;
			buildSettings = {
				ALWAYS_SEARCH_USER_PATHS = NO;
				CLANG_ANALYZER_NONNULL = YES;
				CLANG_CXX_LANGUAGE_STANDARD = "gnu++0x";
				CLANG_CXX_LIBRARY = "libc++";
				CLANG_ENABLE_MODULES = YES;
				CLANG_ENABLE_OBJC_ARC = YES;
				CLANG_WARN_BOOL_CONVERSION = YES;
				CLANG_WARN_CONSTANT_CONVERSION = YES;
				CLANG_WARN_DIRECT_OBJC_ISA_USAGE = YES_ERROR;
				CLANG_WARN_DOCUMENTATION_COMMENTS = YES;
				CLANG_WARN_EMPTY_BODY = YES;
				CLANG_WARN_ENUM_CONVERSION = YES;
				CLANG_WARN_INFINITE_RECURSION = YES;
				CLANG_WARN_INT_CONVERSION = YES;
				CLANG_WARN_OBJC_ROOT_CLASS = YES_ERROR;
				CLANG_WARN_SUSPICIOUS_MOVES = YES;
				CLANG_WARN_UNREACHABLE_CODE = YES;
				CLANG_WARN__DUPLICATE_METHOD_MATCH = YES;
				CODE_SIGN_IDENTITY = "iPhone Distribution";
				"CODE_SIGN_IDENTITY[sdk=iphoneos*]" = "iPhone Developer";
				COPY_PHASE_STRIP = NO;
				DEBUG_INFORMATION_FORMAT = "dwarf-with-dsym";
				ENABLE_NS_ASSERTIONS = NO;
				ENABLE_STRICT_OBJC_MSGSEND = YES;
				GCC_C_LANGUAGE_STANDARD = gnu99;
				GCC_NO_COMMON_BLOCKS = YES;
				GCC_WARN_64_TO_32_BIT_CONVERSION = YES;
				GCC_WARN_ABOUT_RETURN_TYPE = YES_ERROR;
				GCC_WARN_UNDECLARED_SELECTOR = YES;
				GCC_WARN_UNINITIALIZED_AUTOS = YES_AGGRESSIVE;
				GCC_WARN_UNUSED_FUNCTION = YES;
				GCC_WARN_UNUSED_VARIABLE = YES;
				IPHONEOS_DEPLOYMENT_TARGET = 10.0;
				MTL_ENABLE_DEBUG_INFO = NO;
				SDKROOT = iphoneos;
				TARGETED_DEVICE_FAMILY = "1,2";
				VALIDATE_PRODUCT = YES;
			};
			name = Release;
		};
		5092ADBD1D92B0CE009E8E8E /* Debug */ = {
			isa = XCBuildConfiguration;
			baseConfigurationReference = D53D651BD3562165895BA805 /* Pods-mapTest10.debug.xcconfig */;
			buildSettings = {
				ASSETCATALOG_COMPILER_APPICON_NAME = AppIcon;
				CODE_SIGN_IDENTITY = "iPhone Distribution";
				"CODE_SIGN_IDENTITY[sdk=iphoneos*]" = "iPhone Distribution";
				DEVELOPMENT_TEAM = TD673V7Y5F;
				INFOPLIST_FILE = mapTest10/Info.plist;
				IPHONEOS_DEPLOYMENT_TARGET = 10.0;
				LD_RUNPATH_SEARCH_PATHS = "$(inherited) @executable_path/Frameworks";
				PRODUCT_BUNDLE_IDENTIFIER = com.mapTest10;
				PRODUCT_NAME = "$(TARGET_NAME)";
				PROVISIONING_PROFILE = "e74af125-f684-4121-9dbc-4c49c96a79cf";
				PROVISIONING_PROFILE_SPECIFIER = "Workadda MVP";
				TARGETED_DEVICE_FAMILY = 1;
			};
			name = Debug;
		};
		5092ADBE1D92B0CE009E8E8E /* Release */ = {
			isa = XCBuildConfiguration;
			baseConfigurationReference = 08C247C093BAB220C981A5CF /* Pods-mapTest10.release.xcconfig */;
			buildSettings = {
				ASSETCATALOG_COMPILER_APPICON_NAME = AppIcon;
				CODE_SIGN_IDENTITY = "iPhone Distribution";
				"CODE_SIGN_IDENTITY[sdk=iphoneos*]" = "iPhone Distribution";
				DEVELOPMENT_TEAM = TD673V7Y5F;
				INFOPLIST_FILE = mapTest10/Info.plist;
				IPHONEOS_DEPLOYMENT_TARGET = 10.0;
				LD_RUNPATH_SEARCH_PATHS = "$(inherited) @executable_path/Frameworks";
				PRODUCT_BUNDLE_IDENTIFIER = com.mapTest10;
				PRODUCT_NAME = "$(TARGET_NAME)";
				PROVISIONING_PROFILE = "e74af125-f684-4121-9dbc-4c49c96a79cf";
				PROVISIONING_PROFILE_SPECIFIER = "Workadda MVP";
				TARGETED_DEVICE_FAMILY = 1;
			};
			name = Release;
		};
		5092ADC01D92B0CE009E8E8E /* Debug */ = {
			isa = XCBuildConfiguration;
			buildSettings = {
				BUNDLE_LOADER = "$(TEST_HOST)";
				"CODE_SIGN_IDENTITY[sdk=iphoneos*]" = "iPhone Distribution";
				DEVELOPMENT_TEAM = TD673V7Y5F;
				INFOPLIST_FILE = mapTest10Tests/Info.plist;
				LD_RUNPATH_SEARCH_PATHS = "$(inherited) @executable_path/Frameworks @loader_path/Frameworks";
				PRODUCT_BUNDLE_IDENTIFIER = com.mapTest10Tests;
				PRODUCT_NAME = "$(TARGET_NAME)";
				TEST_HOST = "$(BUILT_PRODUCTS_DIR)/mapTest10.app/mapTest10";
			};
			name = Debug;
		};
		5092ADC11D92B0CE009E8E8E /* Release */ = {
			isa = XCBuildConfiguration;
			buildSettings = {
				BUNDLE_LOADER = "$(TEST_HOST)";
				"CODE_SIGN_IDENTITY[sdk=iphoneos*]" = "iPhone Distribution";
				DEVELOPMENT_TEAM = TD673V7Y5F;
				INFOPLIST_FILE = mapTest10Tests/Info.plist;
				LD_RUNPATH_SEARCH_PATHS = "$(inherited) @executable_path/Frameworks @loader_path/Frameworks";
				PRODUCT_BUNDLE_IDENTIFIER = com.mapTest10Tests;
				PRODUCT_NAME = "$(TARGET_NAME)";
				TEST_HOST = "$(BUILT_PRODUCTS_DIR)/mapTest10.app/mapTest10";
			};
			name = Release;
		};
		5092ADC31D92B0CE009E8E8E /* Debug */ = {
			isa = XCBuildConfiguration;
			buildSettings = {
				"CODE_SIGN_IDENTITY[sdk=iphoneos*]" = "iPhone Distribution";
				DEVELOPMENT_TEAM = TD673V7Y5F;
				INFOPLIST_FILE = mapTest10UITests/Info.plist;
				LD_RUNPATH_SEARCH_PATHS = "$(inherited) @executable_path/Frameworks @loader_path/Frameworks";
				PRODUCT_BUNDLE_IDENTIFIER = com.mapTest10UITests;
				PRODUCT_NAME = "$(TARGET_NAME)";
				TEST_TARGET_NAME = mapTest10;
			};
			name = Debug;
		};
		5092ADC41D92B0CE009E8E8E /* Release */ = {
			isa = XCBuildConfiguration;
			buildSettings = {
				"CODE_SIGN_IDENTITY[sdk=iphoneos*]" = "iPhone Distribution";
				DEVELOPMENT_TEAM = TD673V7Y5F;
				INFOPLIST_FILE = mapTest10UITests/Info.plist;
				LD_RUNPATH_SEARCH_PATHS = "$(inherited) @executable_path/Frameworks @loader_path/Frameworks";
				PRODUCT_BUNDLE_IDENTIFIER = com.mapTest10UITests;
				PRODUCT_NAME = "$(TARGET_NAME)";
				TEST_TARGET_NAME = mapTest10;
			};
			name = Release;
		};
/* End XCBuildConfiguration section */

/* Begin XCConfigurationList section */
		506C44B51D9950CE00879F40 /* Build configuration list for PBXNativeTarget "WatchMeTestMap Extension" */ = {
			isa = XCConfigurationList;
			buildConfigurations = (
				506C44B61D9950CE00879F40 /* Debug */,
				506C44B71D9950CE00879F40 /* Release */,
			);
			defaultConfigurationIsVisible = 0;
			defaultConfigurationName = Release;
		};
		506C44B91D9950CE00879F40 /* Build configuration list for PBXNativeTarget "WatchMeTestMap" */ = {
			isa = XCConfigurationList;
			buildConfigurations = (
				506C44BA1D9950CE00879F40 /* Debug */,
				506C44BB1D9950CE00879F40 /* Release */,
			);
			defaultConfigurationIsVisible = 0;
			defaultConfigurationName = Release;
		};
		5092AD8A1D92B0CE009E8E8E /* Build configuration list for PBXProject "mapTest10" */ = {
			isa = XCConfigurationList;
			buildConfigurations = (
				5092ADBA1D92B0CE009E8E8E /* Debug */,
				5092ADBB1D92B0CE009E8E8E /* Release */,
			);
			defaultConfigurationIsVisible = 0;
			defaultConfigurationName = Release;
		};
		5092ADBC1D92B0CE009E8E8E /* Build configuration list for PBXNativeTarget "mapTest10" */ = {
			isa = XCConfigurationList;
			buildConfigurations = (
				5092ADBD1D92B0CE009E8E8E /* Debug */,
				5092ADBE1D92B0CE009E8E8E /* Release */,
			);
			defaultConfigurationIsVisible = 0;
			defaultConfigurationName = Release;
		};
		5092ADBF1D92B0CE009E8E8E /* Build configuration list for PBXNativeTarget "mapTest10Tests" */ = {
			isa = XCConfigurationList;
			buildConfigurations = (
				5092ADC01D92B0CE009E8E8E /* Debug */,
				5092ADC11D92B0CE009E8E8E /* Release */,
			);
			defaultConfigurationIsVisible = 0;
			defaultConfigurationName = Release;
		};
		5092ADC21D92B0CE009E8E8E /* Build configuration list for PBXNativeTarget "mapTest10UITests" */ = {
			isa = XCConfigurationList;
			buildConfigurations = (
				5092ADC31D92B0CE009E8E8E /* Debug */,
				5092ADC41D92B0CE009E8E8E /* Release */,
			);
			defaultConfigurationIsVisible = 0;
			defaultConfigurationName = Release;
		};
/* End XCConfigurationList section */
	};
	rootObject = 5092AD871D92B0CE009E8E8E /* Project object */;
}
